# This file is automatically @generated by Cargo.
# It is not intended for manual editing.
version = 3

[[package]]
name = "adler32"
version = "1.0.2"
source = "registry+https://github.com/rust-lang/crates.io-index"
checksum = "6cbd0b9af8587c72beadc9f72d35b9fbb070982c9e6203e46e93f10df25f8f45"

[[package]]
name = "aho-corasick"
version = "0.6.3"
source = "registry+https://github.com/rust-lang/crates.io-index"
checksum = "500909c4f87a9e52355b26626d890833e9e1d53ac566db76c36faa984b889699"
dependencies = [
 "memchr",
]

[[package]]
name = "android_glue"
version = "0.2.3"
source = "registry+https://github.com/rust-lang/crates.io-index"
checksum = "000444226fcff248f2bc4c7625be32c63caccfecc2723a2b9f78a7487a49c407"

[[package]]
name = "ansi_term"
version = "0.10.2"
source = "registry+https://github.com/rust-lang/crates.io-index"
checksum = "6b3568b48b7cefa6b8ce125f9bb4989e52fbcc29ebea88df04cc7c5f12f70455"

[[package]]
name = "app_units"
version = "0.6.0"
source = "registry+https://github.com/rust-lang/crates.io-index"
checksum = "29069a9b483f7780aebb55dafb360c6225eefdc1f98c8d336a65148fd10c37b1"
dependencies = [
 "num-traits 0.1.43",
 "serde",
]

[[package]]
name = "arrayvec"
version = "0.4.7"
source = "registry+https://github.com/rust-lang/crates.io-index"
checksum = "a1e964f9e24d588183fcb43503abda40d288c8657dfc27311516ce2f05675aef"
dependencies = [
 "nodrop",
]

[[package]]
name = "atty"
version = "0.2.2"
source = "registry+https://github.com/rust-lang/crates.io-index"
checksum = "d912da0db7fa85514874458ca3651fe2cddace8d0b0505571dbdcd41ab490159"
dependencies = [
 "kernel32-sys",
 "libc",
 "winapi 0.2.8",
]

[[package]]
name = "base64"
version = "0.6.0"
source = "registry+https://github.com/rust-lang/crates.io-index"
checksum = "96434f987501f0ed4eb336a411e0631ecd1afa11574fe148587adc4ff96143c9"
dependencies = [
 "byteorder",
 "safemem",
]

[[package]]
name = "binary-space-partition"
version = "0.1.2"
source = "registry+https://github.com/rust-lang/crates.io-index"
checksum = "88ceb0d16c4fd0e42876e298d7d3ce3780dd9ebdcbe4199816a32c77e08597ff"

[[package]]
name = "bincode"
version = "1.0.0"
source = "registry+https://github.com/rust-lang/crates.io-index"
checksum = "bda13183df33055cbb84b847becce220d392df502ebe7a4a78d7021771ed94d0"
dependencies = [
 "byteorder",
 "serde",
]

[[package]]
name = "bit-vec"
version = "0.4.4"
source = "registry+https://github.com/rust-lang/crates.io-index"
checksum = "02b4ff8b16e6076c3e14220b39fbc1fabb6737522281a388998046859400895f"

[[package]]
name = "bitflags"
version = "1.0.0"
source = "registry+https://github.com/rust-lang/crates.io-index"
checksum = "f5cde24d1b2e2216a726368b2363a273739c91f4e3eb4e0dd12d672d396ad989"

[[package]]
name = "block"
version = "0.1.6"
source = "registry+https://github.com/rust-lang/crates.io-index"
checksum = "0d8c1fef690941d3e7788d328517591fecc684c084084702d6ff1641e993699a"

[[package]]
name = "byteorder"
version = "1.2.1"
source = "registry+https://github.com/rust-lang/crates.io-index"
checksum = "652805b7e73fada9d85e9a6682a4abd490cb52d96aeecc12e33a0de34dfd0d23"

[[package]]
name = "bytes"
version = "0.4.5"
source = "registry+https://github.com/rust-lang/crates.io-index"
checksum = "d828f97b58cc5de3e40c421d0cf2132d6b2da4ee0e11b8632fa838f0f9333ad6"
dependencies = [
 "byteorder",
 "iovec",
]

[[package]]
name = "cc"
version = "1.0.5"
source = "registry+https://github.com/rust-lang/crates.io-index"
checksum = "9be26b24e988625409b19736d130f0c7d224f01d06454b5f81d8d23d6c1a618f"
dependencies = [
 "rayon",
]

[[package]]
name = "cfg-if"
version = "0.1.2"
source = "registry+https://github.com/rust-lang/crates.io-index"
checksum = "d4c819a1287eb618df47cc647173c5c4c66ba19d888a6e50d605672aed3140de"

[[package]]
name = "cgl"
version = "0.2.2"
source = "registry+https://github.com/rust-lang/crates.io-index"
checksum = "80f05e25f9631fdee56693110feda284a49308ca1e768857a0ad3906cfc1502a"
dependencies = [
 "gleam",
 "libc",
]

[[package]]
name = "chrono"
version = "0.4.0"
source = "registry+https://github.com/rust-lang/crates.io-index"
checksum = "7c20ebe0b2b08b0aeddba49c609fe7957ba2e33449882cb186a180bc60682fa9"
dependencies = [
 "num",
 "time",
]

[[package]]
name = "clap"
version = "2.29.1"
source = "registry+https://github.com/rust-lang/crates.io-index"
checksum = "8f4a2b3bb7ef3c672d7c13d15613211d5a6976b6892c598b0fcb5d40765f19c2"
dependencies = [
 "ansi_term",
 "atty",
 "bitflags",
 "strsim",
 "textwrap",
 "unicode-width",
 "vec_map",
 "yaml-rust 0.3.5",
]

[[package]]
name = "cmake"
version = "0.1.20"
source = "registry+https://github.com/rust-lang/crates.io-index"
checksum = "a3a6805df695087e7c1bcd9a82e03ad6fb864c8e67ac41b1348229ce5b7f0407"
dependencies = [
 "gcc",
]

[[package]]
name = "cocoa"
version = "0.14.0"
source = "registry+https://github.com/rust-lang/crates.io-index"
checksum = "b0c23085dde1ef4429df6e5896b89356d35cdd321fb43afe3e378d010bb5adc6"
dependencies = [
 "bitflags",
 "block",
 "core-graphics",
 "libc",
 "objc",
]

[[package]]
name = "color_quant"
version = "1.0.0"
source = "registry+https://github.com/rust-lang/crates.io-index"
checksum = "a475fc4af42d83d28adf72968d9bcfaf035a1a9381642d8e85d8a04957767b0d"

[[package]]
name = "core-foundation"
version = "0.5.1"
source = "registry+https://github.com/rust-lang/crates.io-index"
checksum = "286e0b41c3a20da26536c6000a280585d519fd07b3956b43aed8a79e9edce980"
dependencies = [
 "core-foundation-sys",
 "libc",
]

[[package]]
name = "core-foundation-sys"
version = "0.5.1"
source = "registry+https://github.com/rust-lang/crates.io-index"
checksum = "716c271e8613ace48344f723b60b900a93150271e5be206212d052bbc0883efa"
dependencies = [
 "libc",
]

[[package]]
name = "core-graphics"
version = "0.13.0"
source = "registry+https://github.com/rust-lang/crates.io-index"
checksum = "fb0ed45fdc32f9ab426238fba9407dfead7bacd7900c9b4dd3f396f46eafdae3"
dependencies = [
 "bitflags",
 "core-foundation",
 "foreign-types",
 "libc",
]

[[package]]
name = "core-text"
version = "9.2.0"
source = "registry+https://github.com/rust-lang/crates.io-index"
checksum = "2bd581c37283d0c23311d179aefbb891f2324ee0405da58a26e8594ab76e5748"
dependencies = [
 "core-foundation",
 "core-graphics",
 "foreign-types",
 "libc",
]

[[package]]
name = "crossbeam"
version = "0.2.12"
source = "registry+https://github.com/rust-lang/crates.io-index"
checksum = "bd66663db5a988098a89599d4857919b3acf7f61402e61365acfd3919857b9be"

[[package]]
name = "crossbeam-deque"
version = "0.2.0"
source = "registry+https://github.com/rust-lang/crates.io-index"
checksum = "f739f8c5363aca78cfb059edf753d8f0d36908c348f3d8d1503f03d8b75d9cf3"
dependencies = [
 "crossbeam-epoch",
 "crossbeam-utils",
]

[[package]]
name = "crossbeam-epoch"
version = "0.3.0"
source = "registry+https://github.com/rust-lang/crates.io-index"
checksum = "59796cc6cbbdc6bb319161349db0c3250ec73ec7fcb763a51065ec4e2e158552"
dependencies = [
 "arrayvec",
 "cfg-if",
 "crossbeam-utils",
 "lazy_static 0.2.11",
 "memoffset",
 "nodrop",
 "scopeguard",
]

[[package]]
name = "crossbeam-utils"
version = "0.2.2"
source = "registry+https://github.com/rust-lang/crates.io-index"
checksum = "2760899e32a1d58d5abb31129f8fae5de75220bc2176e77ff7c627ae45c918d9"
dependencies = [
 "cfg-if",
]

[[package]]
name = "deflate"
version = "0.7.17"
source = "registry+https://github.com/rust-lang/crates.io-index"
checksum = "4dddda59aaab719767ab11d3efd9a714e95b610c4445d4435765021e9d52dfb1"
dependencies = [
 "adler32",
 "byteorder",
]

[[package]]
name = "direct-composition"
version = "0.1.0"
dependencies = [
 "euclid",
 "gleam",
 "mozangle",
 "webrender",
 "winapi 0.3.4",
 "winit",
]

[[package]]
name = "dlib"
version = "0.4.0"
source = "registry+https://github.com/rust-lang/crates.io-index"
checksum = "95518d8f88d556e62c9b3014629f21bdad97a9fdfee85c68a185e3980af29e7c"
dependencies = [
 "libloading",
]

[[package]]
name = "dtoa"
version = "0.4.1"
source = "registry+https://github.com/rust-lang/crates.io-index"
checksum = "80c8b71fd71146990a9742fc06dcbbde19161a267e0ad4e572c35162f4578c90"

[[package]]
name = "dwrite-sys"
version = "0.2.0"
source = "registry+https://github.com/rust-lang/crates.io-index"
checksum = "a7918280f33862bc8542212d74f2149b1a87ab402fd15f4ce9a1c56582958d6e"
dependencies = [
 "winapi 0.2.8",
 "winapi-build",
]

[[package]]
name = "dwrote"
version = "0.4.1"
source = "registry+https://github.com/rust-lang/crates.io-index"
checksum = "a207eb7b40e25d1d28dc679f451d321fb6954b73ceaa47986702575865469461"
dependencies = [
 "gdi32-sys",
 "kernel32-sys",
 "lazy_static 0.2.11",
 "libc",
 "serde",
 "serde_derive",
 "winapi 0.2.8",
]

[[package]]
name = "either"
version = "1.1.0"
source = "registry+https://github.com/rust-lang/crates.io-index"
checksum = "18785c1ba806c258137c937e44ada9ee7e69a37e3c72077542cd2f069d78562a"

[[package]]
name = "enum_primitive"
version = "0.1.1"
source = "registry+https://github.com/rust-lang/crates.io-index"
checksum = "be4551092f4d519593039259a9ed8daedf0da12e5109c5280338073eaeb81180"
dependencies = [
 "num-traits 0.1.43",
]

[[package]]
name = "env_logger"
version = "0.5.3"
source = "registry+https://github.com/rust-lang/crates.io-index"
checksum = "f15f0b172cb4f52ed5dbf47f774a387cd2315d1bf7894ab5af9b083ae27efa5a"
dependencies = [
 "atty",
 "chrono",
 "log 0.4.1",
 "regex",
 "termcolor",
]

[[package]]
name = "euclid"
version = "0.17.3"
source = "registry+https://github.com/rust-lang/crates.io-index"
checksum = "c95fd0d455f114291a3109286bd387bd423770058474a2d3f38b712cd661df60"
dependencies = [
 "num-traits 0.1.43",
 "serde",
]

[[package]]
name = "expat-sys"
version = "2.1.4"
source = "registry+https://github.com/rust-lang/crates.io-index"
checksum = "cef36cd1a8a02d28b91d97347c63247b9e4cb8a8e36df36f8201dc87a1c0859c"
dependencies = [
 "cmake",
 "pkg-config",
]

[[package]]
name = "fnv"
version = "1.0.5"
source = "registry+https://github.com/rust-lang/crates.io-index"
checksum = "6cc484842f1e2884faf56f529f960cc12ad8c71ce96cc7abba0a067c98fee344"

[[package]]
name = "font-loader"
version = "0.6.0"
source = "registry+https://github.com/rust-lang/crates.io-index"
checksum = "2fbd86bafc9e14ab7076e084d31eed4633120f910d0c42a017e5382aac89937f"
dependencies = [
 "core-foundation",
 "core-text",
 "gdi32-sys",
 "libc",
 "servo-fontconfig",
 "user32-sys",
 "winapi 0.2.8",
]

[[package]]
name = "foreign-types"
version = "0.3.0"
source = "registry+https://github.com/rust-lang/crates.io-index"
checksum = "5ebc04f19019fff1f2d627b5581574ead502f80c48c88900575a46e0840fe5d0"

[[package]]
name = "freetype"
version = "0.4.0"
source = "registry+https://github.com/rust-lang/crates.io-index"
checksum = "b659e75b7a7338fe75afd7f909fc2b71937845cffb6ebe54ba2e50f13d8e903d"
dependencies = [
 "libc",
 "servo-freetype-sys",
]

[[package]]
name = "fuchsia-zircon"
version = "0.3.3"
source = "registry+https://github.com/rust-lang/crates.io-index"
checksum = "2e9763c69ebaae630ba35f74888db465e49e259ba1bc0eda7d06f4a067615d82"
dependencies = [
 "bitflags",
 "fuchsia-zircon-sys",
]

[[package]]
name = "fuchsia-zircon-sys"
version = "0.3.3"
source = "registry+https://github.com/rust-lang/crates.io-index"
checksum = "3dcaa9ae7725d12cdb85b3ad99a434db70b468c09ded17e012d86b5c1010f7a7"

[[package]]
name = "fxhash"
version = "0.2.1"
source = "registry+https://github.com/rust-lang/crates.io-index"
checksum = "c31b6d751ae2c7f11320402d34e41349dd1016f8d5d45e48c4312bc8625af50c"
dependencies = [
 "byteorder",
]

[[package]]
name = "gcc"
version = "0.3.43"
source = "registry+https://github.com/rust-lang/crates.io-index"
checksum = "c07c758b972368e703a562686adb39125707cc1ef3399da8c019fc6c2498a75d"

[[package]]
name = "gdi32-sys"
version = "0.2.0"
source = "registry+https://github.com/rust-lang/crates.io-index"
checksum = "0912515a8ff24ba900422ecda800b52f4016a56251922d397c576bf92c690518"
dependencies = [
 "winapi 0.2.8",
 "winapi-build",
]

[[package]]
name = "gif"
version = "0.9.2"
source = "registry+https://github.com/rust-lang/crates.io-index"
checksum = "e2e41945ba23db3bf51b24756d73d81acb4f28d85c3dccc32c6fae904438c25f"
dependencies = [
 "color_quant",
 "lzw",
]

[[package]]
name = "gl_generator"
version = "0.9.0"
source = "registry+https://github.com/rust-lang/crates.io-index"
checksum = "7a795170cbd85b5a7baa58d6d7525cae6a03e486859860c220f7ebbbdd379d0a"
dependencies = [
 "khronos_api",
 "log 0.4.1",
 "xml-rs",
]

[[package]]
name = "gleam"
version = "0.5.0"
source = "registry+https://github.com/rust-lang/crates.io-index"
checksum = "e47b39459e47b76be4d2c82702932cdc66df09dcb8f813424167991adb8b3380"
dependencies = [
 "gl_generator",
]

[[package]]
name = "glutin"
version = "0.13.1"
source = "registry+https://github.com/rust-lang/crates.io-index"
checksum = "90de8e0391e57098acfbfe693b23065e9186255d370ebae12c933b7d77df8424"
dependencies = [
 "android_glue",
 "cgl",
 "cocoa",
 "core-foundation",
 "core-graphics",
 "gl_generator",
 "lazy_static 1.0.0",
 "libc",
 "objc",
 "osmesa-sys",
 "shared_library",
 "wayland-client",
 "winapi 0.3.4",
 "winit",
 "x11-dl",
]

[[package]]
name = "half"
version = "1.1.0"
source = "registry+https://github.com/rust-lang/crates.io-index"
checksum = "1d5c5f71a723d10dfc58927cbed37c3071a50afc7f073d86fd7d3e5727db890f"

[[package]]
name = "httparse"
version = "1.2.3"
source = "registry+https://github.com/rust-lang/crates.io-index"
checksum = "af2f2dd97457e8fb1ae7c5a420db346af389926e36f43768b96f101546b04a07"

[[package]]
name = "idna"
version = "0.1.4"
source = "registry+https://github.com/rust-lang/crates.io-index"
checksum = "014b298351066f1512874135335d62a789ffe78a9974f94b43ed5621951eaf7d"
dependencies = [
 "matches",
 "unicode-bidi",
 "unicode-normalization",
]

[[package]]
name = "image"
version = "0.18.0"
source = "registry+https://github.com/rust-lang/crates.io-index"
checksum = "545f000e8aa4e569e93f49c446987133452e0091c2494ac3efd3606aa3d309f2"
dependencies = [
 "byteorder",
 "enum_primitive",
 "gif",
 "jpeg-decoder",
 "num-iter",
 "num-rational",
 "num-traits 0.1.43",
 "png",
 "scoped_threadpool",
]

[[package]]
name = "inflate"
version = "0.3.3"
source = "registry+https://github.com/rust-lang/crates.io-index"
checksum = "10ec05638adf7c5c788bc0cfa608cd479a13572beda20feb4898fe1d85d2c64b"
dependencies = [
 "adler32",
]

[[package]]
name = "iovec"
version = "0.1.2"
source = "registry+https://github.com/rust-lang/crates.io-index"
checksum = "dbe6e417e7d0975db6512b90796e8ce223145ac4e33c377e4a42882a0e88bb08"
dependencies = [
 "libc",
 "winapi 0.2.8",
]

[[package]]
name = "ipc-channel"
version = "0.10.0"
source = "registry+https://github.com/rust-lang/crates.io-index"
checksum = "db9daf099728ac5390c73f54e6e3708f0c514d2b51f24373830f568702eadfca"
dependencies = [
 "bincode",
 "fnv",
 "lazy_static 1.0.0",
 "libc",
 "mio",
 "rand 0.3.15",
 "serde",
 "uuid",
]

[[package]]
name = "itoa"
version = "0.3.1"
source = "registry+https://github.com/rust-lang/crates.io-index"
checksum = "eb2f404fbc66fd9aac13e998248505e7ecb2ad8e44ab6388684c5fb11c6c251c"

[[package]]
name = "jpeg-decoder"
version = "0.1.14"
source = "registry+https://github.com/rust-lang/crates.io-index"
checksum = "0dfe27a6c0dabd772d0f9b9f8701c4ca12c4d1eebcadf2be1f6f70396f6a1434"
dependencies = [
 "byteorder",
 "rayon",
]

[[package]]
name = "json"
version = "0.11.5"
source = "registry+https://github.com/rust-lang/crates.io-index"
checksum = "5e7eb285e773498f9473a6e2255feffe95db9c55579c7931a6db83c9e02a4673"

[[package]]
name = "kernel32-sys"
version = "0.2.2"
source = "registry+https://github.com/rust-lang/crates.io-index"
checksum = "7507624b29483431c0ba2d82aece8ca6cdba9382bff4ddd0f7490560c056098d"
dependencies = [
 "winapi 0.2.8",
 "winapi-build",
]

[[package]]
name = "khronos_api"
version = "2.1.0"
source = "registry+https://github.com/rust-lang/crates.io-index"
checksum = "d9ef23fcc4059260c5936f638c9805ebfc87cb172fa6661d130cba7f97d58f55"

[[package]]
name = "lazy_static"
version = "0.2.11"
source = "registry+https://github.com/rust-lang/crates.io-index"
checksum = "76f033c7ad61445c5b347c7382dd1237847eb1bce590fe50365dcb33d546be73"

[[package]]
name = "lazy_static"
version = "1.0.0"
source = "registry+https://github.com/rust-lang/crates.io-index"
checksum = "c8f31047daa365f19be14b47c29df4f7c3b581832407daabe6ae77397619237d"

[[package]]
name = "lazycell"
version = "0.6.0"
source = "registry+https://github.com/rust-lang/crates.io-index"
checksum = "a6f08839bc70ef4a3fe1d566d5350f519c5912ea86be0df1740a7d247c7fc0ef"

[[package]]
name = "libc"
version = "0.2.20"
source = "registry+https://github.com/rust-lang/crates.io-index"
checksum = "684f330624d8c3784fb9558ca46c4ce488073a8d22450415c5eb4f4cfb0d11b5"

[[package]]
name = "libloading"
version = "0.4.3"
source = "registry+https://github.com/rust-lang/crates.io-index"
checksum = "fd38073de8f7965d0c17d30546d4bb6da311ab428d1c7a3fc71dff7f9d4979b9"
dependencies = [
 "kernel32-sys",
 "lazy_static 1.0.0",
 "winapi 0.2.8",
]

[[package]]
name = "linked-hash-map"
version = "0.3.0"
source = "registry+https://github.com/rust-lang/crates.io-index"
checksum = "6d262045c5b87c0861b3f004610afd0e2c851e2908d08b6c870cbb9d5f494ecd"

[[package]]
name = "log"
version = "0.3.9"
source = "registry+https://github.com/rust-lang/crates.io-index"
checksum = "e19e8d5c34a3e0e2223db8e060f9e8264aeeb5c5fc64a4ee9965c062211c024b"
dependencies = [
 "log 0.4.1",
]

[[package]]
name = "log"
version = "0.4.1"
source = "registry+https://github.com/rust-lang/crates.io-index"
checksum = "89f010e843f2b1a31dbd316b3b8d443758bc634bed37aabade59c686d644e0a2"
dependencies = [
 "cfg-if",
]

[[package]]
name = "lyon_geom"
version = "0.10.0"
source = "registry+https://github.com/rust-lang/crates.io-index"
checksum = "41984eddfac220b69d12c10d8666544755b21b25b633d42a2eb623ef65aa4537"
dependencies = [
 "arrayvec",
 "euclid",
 "num-traits 0.1.43",
]

[[package]]
name = "lyon_path"
version = "0.10.0"
source = "registry+https://github.com/rust-lang/crates.io-index"
checksum = "b68f5e28b1c85bd85215f9b147075326b99920515579ec1ddd0d371db793eb5f"
dependencies = [
 "lyon_geom",
]

[[package]]
name = "lzw"
version = "0.10.0"
source = "registry+https://github.com/rust-lang/crates.io-index"
checksum = "7d947cbb889ed21c2a84be6ffbaebf5b4e0f4340638cba0444907e38b56be084"

[[package]]
name = "malloc_buf"
version = "0.0.6"
source = "registry+https://github.com/rust-lang/crates.io-index"
checksum = "62bb907fe88d54d8d9ce32a3cceab4218ed2f6b7d35617cafe9adf84e43919cb"
dependencies = [
 "libc",
]

[[package]]
name = "matches"
version = "0.1.6"
source = "registry+https://github.com/rust-lang/crates.io-index"
checksum = "100aabe6b8ff4e4a7e32c1c13523379802df0772b82466207ac25b013f193376"

[[package]]
name = "memchr"
version = "1.0.1"
source = "registry+https://github.com/rust-lang/crates.io-index"
checksum = "1dbccc0e46f1ea47b9f17e6d67c5a96bd27030519c519c9c91327e31275a47b4"
dependencies = [
 "libc",
]

[[package]]
name = "memmap"
version = "0.6.2"
source = "registry+https://github.com/rust-lang/crates.io-index"
checksum = "e2ffa2c986de11a9df78620c01eeaaf27d94d3ff02bf81bfcca953102dd0c6ff"
dependencies = [
 "libc",
 "winapi 0.3.4",
]

[[package]]
name = "memoffset"
version = "0.2.1"
source = "registry+https://github.com/rust-lang/crates.io-index"
checksum = "0f9dc261e2b62d7a622bf416ea3c5245cdd5d9a7fcc428c0d06804dfce1775b3"

[[package]]
name = "mio"
version = "0.6.12"
source = "registry+https://github.com/rust-lang/crates.io-index"
checksum = "75f72a93f046f1517e3cfddc0a096eb756a2ba727d36edc8227dee769a50a9b0"
dependencies = [
 "fuchsia-zircon",
 "fuchsia-zircon-sys",
 "iovec",
 "kernel32-sys",
 "lazycell",
 "libc",
 "log 0.3.9",
 "miow",
 "net2",
 "slab",
 "winapi 0.2.8",
]

[[package]]
name = "miow"
version = "0.2.1"
source = "registry+https://github.com/rust-lang/crates.io-index"
checksum = "8c1f2f3b1cf331de6896aabf6e9d55dca90356cc9960cca7eaaf408a355ae919"
dependencies = [
 "kernel32-sys",
 "net2",
 "winapi 0.2.8",
 "ws2_32-sys",
]

[[package]]
name = "mozangle"
version = "0.1.5"
source = "registry+https://github.com/rust-lang/crates.io-index"
checksum = "bd4f04e5f59cbc97802e707a17a261044e56a73f4b95040de8d6a4b2ff1ac3c4"
dependencies = [
 "cc",
 "gl_generator",
 "lazy_static 1.0.0",
]

[[package]]
name = "net2"
version = "0.2.31"
source = "registry+https://github.com/rust-lang/crates.io-index"
checksum = "3a80f842784ef6c9a958b68b7516bc7e35883c614004dd94959a4dca1b716c09"
dependencies = [
 "cfg-if",
 "kernel32-sys",
 "libc",
 "winapi 0.2.8",
 "ws2_32-sys",
]

[[package]]
name = "nodrop"
version = "0.1.12"
source = "registry+https://github.com/rust-lang/crates.io-index"
checksum = "9a2228dca57108069a5262f2ed8bd2e82496d2e074a06d1ccc7ce1687b6ae0a2"

[[package]]
name = "num"
version = "0.1.36"
source = "registry+https://github.com/rust-lang/crates.io-index"
checksum = "bde7c03b09e7c6a301ee81f6ddf66d7a28ec305699e3d3b056d2fc56470e3120"
dependencies = [
 "num-integer",
 "num-iter",
 "num-traits 0.1.43",
]

[[package]]
name = "num-integer"
version = "0.1.32"
source = "registry+https://github.com/rust-lang/crates.io-index"
checksum = "fb24d9bfb3f222010df27995441ded1e954f8f69cd35021f6bef02ca9552fb92"
dependencies = [
 "num-traits 0.1.43",
]

[[package]]
name = "num-iter"
version = "0.1.32"
source = "registry+https://github.com/rust-lang/crates.io-index"
checksum = "287a1c9969a847055e1122ec0ea7a5c5d6f72aad97934e131c83d5c08ab4e45c"
dependencies = [
 "num-integer",
 "num-traits 0.1.43",
]

[[package]]
name = "num-rational"
version = "0.1.35"
source = "registry+https://github.com/rust-lang/crates.io-index"
checksum = "54ff603b8334a72fbb27fe66948aac0abaaa40231b3cecd189e76162f6f38aaf"
dependencies = [
 "num-integer",
 "num-traits 0.1.43",
]

[[package]]
name = "num-traits"
version = "0.1.43"
source = "registry+https://github.com/rust-lang/crates.io-index"
checksum = "92e5113e9fd4cc14ded8e499429f396a20f98c772a47cc8622a736e1ec843c31"
dependencies = [
 "num-traits 0.2.2",
]

[[package]]
name = "num-traits"
version = "0.2.2"
source = "registry+https://github.com/rust-lang/crates.io-index"
checksum = "dee092fcdf725aee04dd7da1d21debff559237d49ef1cb3e69bcb8ece44c7364"

[[package]]
name = "num_cpus"
version = "1.2.1"
source = "registry+https://github.com/rust-lang/crates.io-index"
checksum = "a225d1e2717567599c24f88e49f00856c6e825a12125181ee42c4257e3688d39"
dependencies = [
 "libc",
]

[[package]]
name = "objc"
version = "0.2.2"
source = "registry+https://github.com/rust-lang/crates.io-index"
checksum = "877f30f37acef6749b1841cceab289707f211aecfc756553cd63976190e6cc2e"
dependencies = [
 "malloc_buf",
]

[[package]]
name = "osmesa-src"
version = "17.4.0-devel"
source = "git+https://github.com/jrmuizel/osmesa-src?branch=serialize#0f81d082b4cca16ea4d344bf6758b5a2f8d98277"

[[package]]
name = "osmesa-sys"
version = "0.1.2"
source = "registry+https://github.com/rust-lang/crates.io-index"
checksum = "88cfece6e95d2e717e0872a7f53a8684712ad13822a7979bc760b9c77ec0013b"
dependencies = [
 "shared_library",
]

[[package]]
name = "pathfinder_font_renderer"
version = "0.3.0"
source = "git+https://github.com/pcwalton/pathfinder#2701757e29edff169d52779d054fca5247fd95f9"
dependencies = [
 "app_units",
 "core-graphics",
 "core-text",
 "dwrite-sys",
 "euclid",
 "freetype",
 "kernel32-sys",
 "libc",
 "log 0.3.9",
 "lyon_geom",
 "lyon_path",
 "serde",
 "serde_derive",
 "uuid-sys",
 "winapi 0.2.8",
]

[[package]]
name = "pathfinder_gfx_utils"
version = "0.1.0"
source = "git+https://github.com/pcwalton/pathfinder#2701757e29edff169d52779d054fca5247fd95f9"
dependencies = [
 "euclid",
]

[[package]]
name = "pathfinder_partitioner"
version = "0.1.0"
source = "git+https://github.com/pcwalton/pathfinder#2701757e29edff169d52779d054fca5247fd95f9"
dependencies = [
 "arrayvec",
 "bincode",
 "bit-vec",
 "byteorder",
 "env_logger",
 "euclid",
 "half",
 "log 0.3.9",
 "lyon_geom",
 "lyon_path",
 "pathfinder_path_utils",
 "serde",
 "serde_derive",
]

[[package]]
name = "pathfinder_path_utils"
version = "0.1.0"
source = "git+https://github.com/pcwalton/pathfinder#2701757e29edff169d52779d054fca5247fd95f9"
dependencies = [
 "arrayvec",
 "euclid",
 "lyon_geom",
 "lyon_path",
 "serde",
 "serde_derive",
]

[[package]]
name = "percent-encoding"
version = "1.0.0"
source = "registry+https://github.com/rust-lang/crates.io-index"
checksum = "de154f638187706bde41d9b4738748933d64e6b37bdbffc0b47a97d16a6ae356"

[[package]]
name = "pkg-config"
version = "0.3.9"
source = "registry+https://github.com/rust-lang/crates.io-index"
checksum = "3a8b4c6b8165cd1a1cd4b9b120978131389f64bdaf456435caa41e630edba903"

[[package]]
name = "plane-split"
version = "0.9.1"
source = "registry+https://github.com/rust-lang/crates.io-index"
checksum = "7079b8485b4f9d9560dee7a69ca8f6ca781f9f284ff9d2bf27255d440b03e4af"
dependencies = [
 "binary-space-partition",
 "euclid",
 "log 0.4.1",
 "num-traits 0.1.43",
]

[[package]]
name = "png"
version = "0.11.0"
source = "registry+https://github.com/rust-lang/crates.io-index"
checksum = "f0b0cabbbd20c2d7f06dbf015e06aad59b6ca3d9ed14848783e98af9aaf19925"
dependencies = [
 "bitflags",
 "deflate",
 "inflate",
 "num-iter",
]

[[package]]
name = "proc-macro2"
version = "0.3.6"
source = "registry+https://github.com/rust-lang/crates.io-index"
checksum = "49b6a521dc81b643e9a51e0d1cf05df46d5a2f3c0280ea72bcb68276ba64a118"
dependencies = [
 "unicode-xid",
]

[[package]]
name = "quote"
version = "0.5.1"
source = "registry+https://github.com/rust-lang/crates.io-index"
checksum = "7b0ff51282f28dc1b53fd154298feaa2e77c5ea0dba68e1fd8b03b72fbe13d2a"
dependencies = [
 "proc-macro2",
]

[[package]]
name = "rand"
version = "0.3.15"
source = "registry+https://github.com/rust-lang/crates.io-index"
checksum = "022e0636ec2519ddae48154b028864bdce4eaf7d35226ab8e65c611be97b189d"
dependencies = [
 "libc",
]

[[package]]
name = "rand"
version = "0.4.2"
source = "registry+https://github.com/rust-lang/crates.io-index"
checksum = "eba5f8cb59cc50ed56be8880a5c7b496bfd9bd26394e176bc67884094145c2c5"
dependencies = [
 "fuchsia-zircon",
 "libc",
 "winapi 0.3.4",
]

[[package]]
name = "rayon"
version = "1.0.0"
source = "registry+https://github.com/rust-lang/crates.io-index"
checksum = "485541959c8ecc49865526fe6c4de9653dd6e60d829d6edf0be228167b60372d"
dependencies = [
 "either",
 "rayon-core",
]

[[package]]
name = "rayon-core"
version = "1.4.0"
source = "registry+https://github.com/rust-lang/crates.io-index"
checksum = "9d24ad214285a7729b174ed6d3bcfcb80177807f959d95fafd5bfc5c4f201ac8"
dependencies = [
 "crossbeam-deque",
 "lazy_static 1.0.0",
 "libc",
 "num_cpus",
 "rand 0.4.2",
]

[[package]]
name = "redox_syscall"
version = "0.1.16"
source = "registry+https://github.com/rust-lang/crates.io-index"
checksum = "8dd35cc9a8bdec562c757e3d43c1526b5c6d2653e23e2315065bc25556550753"

[[package]]
name = "regex"
version = "0.2.1"
source = "registry+https://github.com/rust-lang/crates.io-index"
checksum = "4278c17d0f6d62dfef0ab00028feb45bd7d2102843f80763474eeb1be8a10c01"
dependencies = [
 "aho-corasick",
 "memchr",
 "regex-syntax",
 "thread_local",
 "utf8-ranges",
]

[[package]]
name = "regex-syntax"
version = "0.4.0"
source = "registry+https://github.com/rust-lang/crates.io-index"
checksum = "2f9191b1f57603095f105d317e375d19b1c9c5c3185ea9633a99a6dcbed04457"

[[package]]
name = "ron"
version = "0.1.7"
source = "registry+https://github.com/rust-lang/crates.io-index"
checksum = "da06feaa07f69125ab9ddc769b11de29090122170b402547f64b86fe16ebc399"
dependencies = [
 "serde",
]

[[package]]
name = "safemem"
version = "0.2.0"
source = "registry+https://github.com/rust-lang/crates.io-index"
checksum = "e27a8b19b835f7aea908818e871f5cc3a5a186550c30773be987e155e8163d8f"

[[package]]
name = "scoped_threadpool"
version = "0.1.7"
source = "registry+https://github.com/rust-lang/crates.io-index"
checksum = "3ef399c8893e8cb7aa9696e895427fab3a6bf265977bb96e126f24ddd2cda85a"

[[package]]
name = "scopeguard"
version = "0.3.2"
source = "registry+https://github.com/rust-lang/crates.io-index"
checksum = "c79eb2c3ac4bc2507cda80e7f3ac5b88bd8eae4c0914d5663e6a8933994be918"

[[package]]
name = "serde"
version = "1.0.37"
source = "registry+https://github.com/rust-lang/crates.io-index"
checksum = "d3bcee660dcde8f52c3765dd9ca5ee36b4bf35470a738eb0bd5a8752b0389645"
dependencies = [
 "serde_derive",
]

[[package]]
name = "serde_bytes"
version = "0.10.4"
source = "registry+https://github.com/rust-lang/crates.io-index"
checksum = "adb6e51a6b3696b301bc221d785f898b4457c619b51d7ce195a6d20baecb37b3"
dependencies = [
 "serde",
]

[[package]]
name = "serde_derive"
version = "1.0.37"
source = "git+https://github.com/servo/serde?branch=deserialize_from_enums6#b8d39b013bec85b6146dfb1061e0e8fc55e99b5e"
dependencies = [
 "proc-macro2",
 "quote",
 "serde_derive_internals",
 "syn",
]

[[package]]
name = "serde_derive_internals"
version = "0.23.0"
source = "git+https://github.com/servo/serde?branch=deserialize_from_enums6#b8d39b013bec85b6146dfb1061e0e8fc55e99b5e"
dependencies = [
 "proc-macro2",
 "syn",
]

[[package]]
name = "serde_json"
version = "1.0.2"
source = "registry+https://github.com/rust-lang/crates.io-index"
checksum = "48b04779552e92037212c3615370f6bd57a40ebba7f20e554ff9f55e41a69a7b"
dependencies = [
 "dtoa",
 "itoa",
 "num-traits 0.1.43",
 "serde",
]

[[package]]
name = "servo-fontconfig"
version = "0.4.0"
source = "registry+https://github.com/rust-lang/crates.io-index"
checksum = "a088f8d775a5c5314aae09bd77340bc9c67d72b9a45258be34c83548b4814cd9"
dependencies = [
 "libc",
 "servo-fontconfig-sys",
]

[[package]]
name = "servo-fontconfig-sys"
version = "4.0.3"
source = "registry+https://github.com/rust-lang/crates.io-index"
checksum = "6be80777ee6edecbbbf8774c76e19dddfe336256c57a4ded06d6ad3df7be358e"
dependencies = [
 "expat-sys",
 "pkg-config",
 "servo-freetype-sys",
]

[[package]]
name = "servo-freetype-sys"
version = "4.0.3"
source = "registry+https://github.com/rust-lang/crates.io-index"
checksum = "9232032c2e85118c0282c6562c84cab12316e655491ba0a5d1905b2320060d1b"
dependencies = [
 "cmake",
 "pkg-config",
]

[[package]]
name = "sha1"
version = "0.2.0"
source = "registry+https://github.com/rust-lang/crates.io-index"
checksum = "cc30b1e1e8c40c121ca33b86c23308a090d19974ef001b4bf6e61fd1a0fb095c"

[[package]]
name = "shared_library"
version = "0.1.5"
source = "registry+https://github.com/rust-lang/crates.io-index"
checksum = "fb04126b6fcfd2710fb5b6d18f4207b6c535f2850a7e1a43bcd526d44f30a79a"
dependencies = [
 "lazy_static 0.2.11",
 "libc",
]

[[package]]
name = "slab"
version = "0.3.0"
source = "registry+https://github.com/rust-lang/crates.io-index"
checksum = "17b4fcaed89ab08ef143da37bc52adbcc04d4a69014f4c1208d6b51f0c47bc23"

[[package]]
name = "smallvec"
version = "0.6.0"
source = "registry+https://github.com/rust-lang/crates.io-index"
checksum = "44db0ecb22921ef790d17ae13a3f6d15784183ff5f2a01aa32098c7498d2b4b9"

[[package]]
name = "strsim"
version = "0.6.0"
source = "registry+https://github.com/rust-lang/crates.io-index"
checksum = "b4d15c810519a91cf877e7e36e63fe068815c678181439f2f29e2562147c3694"

[[package]]
name = "syn"
version = "0.13.1"
source = "registry+https://github.com/rust-lang/crates.io-index"
checksum = "91b52877572087400e83d24b9178488541e3d535259e04ff17a63df1e5ceff59"
dependencies = [
 "proc-macro2",
 "quote",
 "unicode-xid",
]

[[package]]
name = "tempfile"
version = "2.2.0"
source = "registry+https://github.com/rust-lang/crates.io-index"
checksum = "11ce2fe9db64b842314052e2421ac61a73ce41b898dc8e3750398b219c5fc1e0"
dependencies = [
 "kernel32-sys",
 "libc",
 "rand 0.3.15",
 "redox_syscall",
 "winapi 0.2.8",
]

[[package]]
name = "termcolor"
version = "0.3.3"
source = "registry+https://github.com/rust-lang/crates.io-index"
checksum = "9065bced9c3e43453aa3d56f1e98590b8455b341d2fa191a1090c0dd0b242c75"
dependencies = [
 "wincolor",
]

[[package]]
name = "textwrap"
version = "0.9.0"
source = "registry+https://github.com/rust-lang/crates.io-index"
checksum = "c0b59b6b4b44d867f1370ef1bd91bfb262bf07bf0ae65c202ea2fbc16153b693"
dependencies = [
 "unicode-width",
]

[[package]]
name = "thread-id"
version = "3.0.0"
source = "registry+https://github.com/rust-lang/crates.io-index"
checksum = "4437c97558c70d129e40629a5b385b3fb1ffac301e63941335e4d354081ec14a"
dependencies = [
 "kernel32-sys",
 "libc",
]

[[package]]
name = "thread_local"
version = "0.3.3"
source = "registry+https://github.com/rust-lang/crates.io-index"
checksum = "c85048c6260d17cf486ceae3282d9fb6b90be220bf5b28c400f5485ffc29f0c7"
dependencies = [
 "thread-id",
 "unreachable",
]

[[package]]
name = "thread_profiler"
version = "0.1.1"
source = "registry+https://github.com/rust-lang/crates.io-index"
checksum = "cf947d192a9be60ef5131cc7a4648886ba89d712f16700ebbf80c8a69d05d48f"
dependencies = [
 "json",
 "lazy_static 0.2.11",
 "time",
]

[[package]]
name = "time"
version = "0.1.36"
source = "registry+https://github.com/rust-lang/crates.io-index"
checksum = "211b63c112206356ef1ff9b19355f43740fc3f85960c598a93d3a3d3ba7beade"
dependencies = [
 "kernel32-sys",
 "libc",
 "redox_syscall",
 "winapi 0.2.8",
]

[[package]]
name = "token_store"
version = "0.1.2"
source = "registry+https://github.com/rust-lang/crates.io-index"
checksum = "a686838375fc11103b9c1529c6508320b7bd5e2401cd62831ca51b3e82e61849"

[[package]]
name = "unicode-bidi"
version = "0.3.4"
source = "registry+https://github.com/rust-lang/crates.io-index"
checksum = "49f2bd0c6468a8230e1db229cff8029217cf623c767ea5d60bfbd42729ea54d5"
dependencies = [
 "matches",
]

[[package]]
name = "unicode-normalization"
version = "0.1.5"
source = "registry+https://github.com/rust-lang/crates.io-index"
checksum = "51ccda9ef9efa3f7ef5d91e8f9b83bbe6955f9bf86aec89d5cce2c874625920f"

[[package]]
name = "unicode-width"
version = "0.1.4"
source = "registry+https://github.com/rust-lang/crates.io-index"
checksum = "bf3a113775714a22dcb774d8ea3655c53a32debae63a063acc00a91cc586245f"

[[package]]
name = "unicode-xid"
version = "0.1.0"
source = "registry+https://github.com/rust-lang/crates.io-index"
checksum = "fc72304796d0818e357ead4e000d19c9c174ab23dc11093ac919054d20a6a7fc"

[[package]]
name = "unreachable"
version = "0.1.1"
source = "registry+https://github.com/rust-lang/crates.io-index"
checksum = "1f2ae5ddb18e1c92664717616dd9549dde73f539f01bd7b77c2edb2446bdff91"
dependencies = [
 "void",
]

[[package]]
name = "url"
version = "1.5.1"
source = "registry+https://github.com/rust-lang/crates.io-index"
checksum = "eeb819346883532a271eb626deb43c4a1bb4c4dd47c519bd78137c3e72a4fe27"
dependencies = [
 "idna",
 "matches",
 "percent-encoding",
]

[[package]]
name = "user32-sys"
version = "0.2.0"
source = "registry+https://github.com/rust-lang/crates.io-index"
checksum = "4ef4711d107b21b410a3a974b1204d9accc8b10dad75d8324b5d755de1617d47"
dependencies = [
 "winapi 0.2.8",
 "winapi-build",
]

[[package]]
name = "utf8-ranges"
version = "1.0.0"
source = "registry+https://github.com/rust-lang/crates.io-index"
checksum = "662fab6525a98beff2921d7f61a39e7d59e0b425ebc7d0d9e66d316e55124122"

[[package]]
name = "uuid"
version = "0.6.1"
source = "registry+https://github.com/rust-lang/crates.io-index"
checksum = "990fb49481275abe3c8e2a91339c009cd6146d9f38fc3413e4163d892cbaffbb"
dependencies = [
 "rand 0.4.2",
]

[[package]]
name = "uuid-sys"
version = "0.1.3"
source = "registry+https://github.com/rust-lang/crates.io-index"
checksum = "383cea1fd3b68c33bbdd25af09bc50e70f4c9f1d9b18e39e514e4acf760ec5d2"
dependencies = [
 "winapi 0.2.8",
 "winapi-build",
]

[[package]]
name = "vec_map"
version = "0.8.0"
source = "registry+https://github.com/rust-lang/crates.io-index"
checksum = "887b5b631c2ad01628bbbaa7dd4c869f80d3186688f8d0b6f58774fbe324988c"

[[package]]
name = "void"
version = "1.0.2"
source = "registry+https://github.com/rust-lang/crates.io-index"
checksum = "6a02e4885ed3bc0f2de90ea6dd45ebcbb66dacffe03547fadbb0eeae2770887d"

[[package]]
name = "wayland-client"
version = "0.12.5"
source = "registry+https://github.com/rust-lang/crates.io-index"
checksum = "2b90adf943117ee4930d7944fe103dcb6f36ba05421f46521cb5adbf6bf0fbc8"
dependencies = [
 "bitflags",
 "libc",
 "token_store",
 "wayland-scanner",
 "wayland-sys",
]

[[package]]
name = "wayland-kbd"
version = "0.13.1"
source = "registry+https://github.com/rust-lang/crates.io-index"
checksum = "4fe0fb1c9917da9529d781659e456d84a693d74fe873d1658109758444616f76"
dependencies = [
 "bitflags",
 "dlib",
 "lazy_static 1.0.0",
 "memmap",
 "wayland-client",
]

[[package]]
name = "wayland-protocols"
version = "0.12.5"
source = "registry+https://github.com/rust-lang/crates.io-index"
checksum = "fb5942dd2fc79d934db437c9ea3aabffceb49b546046ea453bcba531005e5537"
dependencies = [
 "bitflags",
 "wayland-client",
 "wayland-scanner",
 "wayland-sys",
]

[[package]]
name = "wayland-scanner"
version = "0.12.5"
source = "registry+https://github.com/rust-lang/crates.io-index"
checksum = "dcffa55a621e6f2c3d436de64d840fc325e1d0a467b92ee5e7292e17552e08ad"
dependencies = [
 "xml-rs",
]

[[package]]
name = "wayland-sys"
version = "0.12.5"
source = "registry+https://github.com/rust-lang/crates.io-index"
checksum = "377a2f83063c463e801ca10ae8cb9666e6e597eecac0049ac36cc7b9a83b0db3"
dependencies = [
 "dlib",
 "lazy_static 1.0.0",
]

[[package]]
name = "wayland-window"
version = "0.13.2"
source = "registry+https://github.com/rust-lang/crates.io-index"
checksum = "2d94d3c23f8f2e0a09d82c6ca765da3c1efe65ef0280f750d74a6c6c6bb4ca8f"
dependencies = [
 "memmap",
 "tempfile",
 "wayland-client",
 "wayland-protocols",
]

[[package]]
name = "webrender"
version = "0.57.2"
dependencies = [
 "app_units",
 "base64",
 "bincode",
 "bitflags",
 "byteorder",
 "cfg-if",
 "core-foundation",
 "core-graphics",
 "core-text",
 "dwrote",
 "env_logger",
 "euclid",
 "freetype",
 "fxhash",
 "gleam",
 "glutin",
 "image",
 "lazy_static 1.0.0",
 "log 0.4.1",
 "mozangle",
 "num-traits 0.1.43",
 "pathfinder_font_renderer",
 "pathfinder_gfx_utils",
 "pathfinder_partitioner",
 "pathfinder_path_utils",
 "plane-split",
 "png",
 "rand 0.3.15",
 "rayon",
 "ron",
 "serde",
 "serde_json",
 "smallvec",
 "thread_profiler",
 "time",
 "webrender_api",
 "ws",
]

[[package]]
name = "webrender_api"
version = "0.57.2"
dependencies = [
 "app_units",
 "bincode",
 "bitflags",
 "byteorder",
 "core-foundation",
 "core-graphics",
 "dwrote",
 "euclid",
 "ipc-channel",
 "serde",
 "serde_bytes",
 "serde_derive",
 "time",
]

[[package]]
name = "winapi"
version = "0.2.8"
source = "registry+https://github.com/rust-lang/crates.io-index"
checksum = "167dc9d6949a9b857f3451275e911c3f44255842c1f7a76f33c55103a909087a"

[[package]]
name = "winapi"
version = "0.3.4"
source = "registry+https://github.com/rust-lang/crates.io-index"
checksum = "04e3bd221fcbe8a271359c04f21a76db7d0c6028862d1bb5512d85e1e2eb5bb3"
dependencies = [
 "winapi-i686-pc-windows-gnu",
 "winapi-x86_64-pc-windows-gnu",
]

[[package]]
name = "winapi-build"
version = "0.1.1"
source = "registry+https://github.com/rust-lang/crates.io-index"
checksum = "2d315eee3b34aca4797b2da6b13ed88266e6d612562a0c46390af8299fc699bc"

[[package]]
name = "winapi-i686-pc-windows-gnu"
version = "0.4.0"
source = "registry+https://github.com/rust-lang/crates.io-index"
checksum = "ac3b87c63620426dd9b991e5ce0329eff545bccbbb34f3be09ff6fb6ab51b7b6"

[[package]]
name = "winapi-x86_64-pc-windows-gnu"
version = "0.4.0"
source = "registry+https://github.com/rust-lang/crates.io-index"
checksum = "712e227841d057c1ee1cd2fb22fa7e5a5461ae8e48fa2ca79ec42cfc1931183f"

[[package]]
name = "wincolor"
version = "0.1.5"
source = "registry+https://github.com/rust-lang/crates.io-index"
checksum = "0878187fa88838d2006c0a76f30d64797098426245b375383f60acb6aed8a203"
dependencies = [
 "winapi 0.3.4",
]

[[package]]
name = "winit"
version = "0.11.3"
source = "registry+https://github.com/rust-lang/crates.io-index"
checksum = "f1a29847ed6928d6cbabe6b2d5b11dd0ce63380af53a8dcd41775d27d104d285"
dependencies = [
 "android_glue",
 "cocoa",
 "core-foundation",
 "core-graphics",
 "lazy_static 1.0.0",
 "libc",
 "objc",
 "percent-encoding",
 "wayland-client",
 "wayland-kbd",
 "wayland-protocols",
 "wayland-window",
 "winapi 0.3.4",
 "x11-dl",
]

[[package]]
name = "wrench"
version = "0.3.0"
dependencies = [
 "app_units",
 "base64",
 "bincode",
 "byteorder",
 "clap",
 "core-foundation",
 "core-graphics",
 "crossbeam",
 "dwrote",
 "env_logger",
 "euclid",
 "font-loader",
 "gleam",
 "glutin",
 "image",
 "lazy_static 1.0.0",
 "log 0.4.1",
 "mozangle",
 "osmesa-src",
 "osmesa-sys",
 "ron",
 "serde",
 "serde_json",
 "time",
 "webrender",
 "webrender_api",
 "yaml-rust 0.3.4",
]

[[package]]
name = "ws"
version = "0.7.3"
source = "registry+https://github.com/rust-lang/crates.io-index"
checksum = "89c48c53bf9dee34411a08993c10b879c36e105d609b46e25673befe3a5c1320"
dependencies = [
 "byteorder",
 "bytes",
 "httparse",
 "log 0.3.9",
 "mio",
 "rand 0.3.15",
 "sha1",
 "slab",
 "url",
]

[[package]]
name = "ws2_32-sys"
version = "0.2.1"
source = "registry+https://github.com/rust-lang/crates.io-index"
checksum = "d59cefebd0c892fa2dd6de581e937301d8552cb44489cdff035c6187cb63fa5e"
dependencies = [
 "winapi 0.2.8",
 "winapi-build",
]

[[package]]
name = "x11-dl"
version = "2.17.2"
source = "registry+https://github.com/rust-lang/crates.io-index"
checksum = "28ec50063128cfdbdfe683b0504a3740e07b779c7c75fa26e941218b5f95e098"
dependencies = [
 "lazy_static 1.0.0",
 "libc",
 "pkg-config",
]

[[package]]
name = "xml-rs"
version = "0.7.0"
source = "registry+https://github.com/rust-lang/crates.io-index"
checksum = "3c1cb601d29fe2c2ac60a2b2e5e293994d87a1f6fa9687a31a15270f909be9c2"
dependencies = [
 "bitflags",
]

[[package]]
name = "yaml-rust"
version = "0.3.4"
source = "git+https://github.com/vvuk/yaml-rust#0b40211a89f2a2998824ec888541e750198758fb"
dependencies = [
 "linked-hash-map",
]

[[package]]
name = "yaml-rust"
version = "0.3.5"
source = "registry+https://github.com/rust-lang/crates.io-index"
checksum = "e66366e18dc58b46801afbf2ca7661a9f59cc8c5962c29892b6039b4f86fa992"
