# This file is automatically @generated by Cargo.
# It is not intended for manual editing.
version = 3

[[package]]
name = "tinyvec"
version = "1.5.1"
source = "registry+https://github.com/rust-lang/crates.io-index"
checksum = "2c1c1d5a42b6245520c249549ec267180beaffcc0615401ac8e31853d4b6d8d2"
dependencies = [
 "tinyvec_macros",
]

[[package]]
name = "tinyvec_macros"
version = "0.1.0"
source = "registry+https://github.com/rust-lang/crates.io-index"
checksum = "cda74da7e1a664f795bb1f8a87ec406fb89a02522cf6e50620d016add6dbbf5c"

[[package]]
name = "unicode-normalization"
version = "0.1.19"
dependencies = [
 "tinyvec",
]
