# This file is automatically @generated by Cargo.
# It is not intended for manual editing.
[[package]]
name = "futures"
version = "0.1.0"
dependencies = [
 "log 0.3.6 (registry+https://github.com/rust-lang/crates.io-index)",
]

[[package]]
name = "log"
version = "0.3.6"
source = "registry+https://github.com/rust-lang/crates.io-index"

[metadata]
"checksum log 0.3.6 (registry+https://github.com/rust-lang/crates.io-index)" = "ab83497bf8bf4ed2a74259c1c802351fcd67a65baa86394b6ba73c36f4838054"
